
Microsoft Visual Studio Solution File, Format Version 12.00
# Visual Studio 15
VisualStudioVersion = 15.0.26730.16
MinimumVisualStudioVersion = 10.0.40219.1
Project("{9A19103F-16F7-4668-BE54-9A1E7A4F7556}") = "Premy.Chatovatko.Server", "Premy.Chatovatko.Server\Premy.Chatovatko.Server.csproj", "{D5E7BCEC-8ACF-409D-BD02-55B22CA56459}"
	ProjectSection(ProjectDependencies) = postProject
		{F8BC7C18-C3C8-4458-A9BA-7879BB97AA23} = {F8BC7C18-C3C8-4458-A9BA-7879BB97AA23}
	EndProjectSection
EndProject
Project("{9A19103F-16F7-4668-BE54-9A1E7A4F7556}") = "Premy.Chatovatko.Client.Console", "Premy.Chatovatko.Client.Console\Premy.Chatovatko.Client.Console.csproj", "{E1295457-9ABC-45E5-876F-D74FF7578A36}"
	ProjectSection(ProjectDependencies) = postProject
		{F8BC7C18-C3C8-4458-A9BA-7879BB97AA23} = {F8BC7C18-C3C8-4458-A9BA-7879BB97AA23}
	EndProjectSection
EndProject
Project("{9A19103F-16F7-4668-BE54-9A1E7A4F7556}") = "Premy.Chatovatko.Libs", "Premy.Chatovatko.Libs\Premy.Chatovatko.Libs.csproj", "{F8BC7C18-C3C8-4458-A9BA-7879BB97AA23}"
EndProject
Project("{9A19103F-16F7-4668-BE54-9A1E7A4F7556}") = "Premy.Chatovatko.Client.Libs", "Premy.Chatovatko.Client.Libs\Premy.Chatovatko.Client.Libs.csproj", "{F1789851-EC70-4D92-AE3C-7058130A5E94}"
EndProject
Global
	GlobalSection(SolutionConfigurationPlatforms) = preSolution
		Ad-Hoc|Any CPU = Ad-Hoc|Any CPU
		Ad-Hoc|ARM = Ad-Hoc|ARM
		Ad-Hoc|iPhone = Ad-Hoc|iPhone
		Ad-Hoc|iPhoneSimulator = Ad-Hoc|iPhoneSimulator
		Ad-Hoc|x64 = Ad-Hoc|x64
		Ad-Hoc|x86 = Ad-Hoc|x86
		AppStore|Any CPU = AppStore|Any CPU
		AppStore|ARM = AppStore|ARM
		AppStore|iPhone = AppStore|iPhone
		AppStore|iPhoneSimulator = AppStore|iPhoneSimulator
		AppStore|x64 = AppStore|x64
		AppStore|x86 = AppStore|x86
		Debug|Any CPU = Debug|Any CPU
		Debug|ARM = Debug|ARM
		Debug|iPhone = Debug|iPhone
		Debug|iPhoneSimulator = Debug|iPhoneSimulator
		Debug|x64 = Debug|x64
		Debug|x86 = Debug|x86
		Release|Any CPU = Release|Any CPU
		Release|ARM = Release|ARM
		Release|iPhone = Release|iPhone
		Release|iPhoneSimulator = Release|iPhoneSimulator
		Release|x64 = Release|x64
		Release|x86 = Release|x86
	EndGlobalSection
	GlobalSection(ProjectConfigurationPlatforms) = postSolution
		{D5E7BCEC-8ACF-409D-BD02-55B22CA56459}.Ad-Hoc|Any CPU.ActiveCfg = Release|Any CPU
		{D5E7BCEC-8ACF-409D-BD02-55B22CA56459}.Ad-Hoc|Any CPU.Build.0 = Release|Any CPU
		{D5E7BCEC-8ACF-409D-BD02-55B22CA56459}.Ad-Hoc|ARM.ActiveCfg = Release|Any CPU
		{D5E7BCEC-8ACF-409D-BD02-55B22CA56459}.Ad-Hoc|ARM.Build.0 = Release|Any CPU
		{D5E7BCEC-8ACF-409D-BD02-55B22CA56459}.Ad-Hoc|iPhone.ActiveCfg = Release|Any CPU
		{D5E7BCEC-8ACF-409D-BD02-55B22CA56459}.Ad-Hoc|iPhone.Build.0 = Release|Any CPU
		{D5E7BCEC-8ACF-409D-BD02-55B22CA56459}.Ad-Hoc|iPhoneSimulator.ActiveCfg = Release|Any CPU
		{D5E7BCEC-8ACF-409D-BD02-55B22CA56459}.Ad-Hoc|iPhoneSimulator.Build.0 = Release|Any CPU
		{D5E7BCEC-8ACF-409D-BD02-55B22CA56459}.Ad-Hoc|x64.ActiveCfg = Release|Any CPU
		{D5E7BCEC-8ACF-409D-BD02-55B22CA56459}.Ad-Hoc|x64.Build.0 = Release|Any CPU
		{D5E7BCEC-8ACF-409D-BD02-55B22CA56459}.Ad-Hoc|x86.ActiveCfg = Release|Any CPU
		{D5E7BCEC-8ACF-409D-BD02-55B22CA56459}.Ad-Hoc|x86.Build.0 = Release|Any CPU
		{D5E7BCEC-8ACF-409D-BD02-55B22CA56459}.AppStore|Any CPU.ActiveCfg = Release|Any CPU
		{D5E7BCEC-8ACF-409D-BD02-55B22CA56459}.AppStore|Any CPU.Build.0 = Release|Any CPU
		{D5E7BCEC-8ACF-409D-BD02-55B22CA56459}.AppStore|ARM.ActiveCfg = Release|Any CPU
		{D5E7BCEC-8ACF-409D-BD02-55B22CA56459}.AppStore|ARM.Build.0 = Release|Any CPU
		{D5E7BCEC-8ACF-409D-BD02-55B22CA56459}.AppStore|iPhone.ActiveCfg = Release|Any CPU
		{D5E7BCEC-8ACF-409D-BD02-55B22CA56459}.AppStore|iPhone.Build.0 = Release|Any CPU
		{D5E7BCEC-8ACF-409D-BD02-55B22CA56459}.AppStore|iPhoneSimulator.ActiveCfg = Release|Any CPU
		{D5E7BCEC-8ACF-409D-BD02-55B22CA56459}.AppStore|iPhoneSimulator.Build.0 = Release|Any CPU
		{D5E7BCEC-8ACF-409D-BD02-55B22CA56459}.AppStore|x64.ActiveCfg = Release|Any CPU
		{D5E7BCEC-8ACF-409D-BD02-55B22CA56459}.AppStore|x64.Build.0 = Release|Any CPU
		{D5E7BCEC-8ACF-409D-BD02-55B22CA56459}.AppStore|x86.ActiveCfg = Release|Any CPU
		{D5E7BCEC-8ACF-409D-BD02-55B22CA56459}.AppStore|x86.Build.0 = Release|Any CPU
		{D5E7BCEC-8ACF-409D-BD02-55B22CA56459}.Debug|Any CPU.ActiveCfg = Debug|Any CPU
		{D5E7BCEC-8ACF-409D-BD02-55B22CA56459}.Debug|Any CPU.Build.0 = Debug|Any CPU
		{D5E7BCEC-8ACF-409D-BD02-55B22CA56459}.Debug|ARM.ActiveCfg = Debug|Any CPU
		{D5E7BCEC-8ACF-409D-BD02-55B22CA56459}.Debug|ARM.Build.0 = Debug|Any CPU
		{D5E7BCEC-8ACF-409D-BD02-55B22CA56459}.Debug|iPhone.ActiveCfg = Debug|Any CPU
		{D5E7BCEC-8ACF-409D-BD02-55B22CA56459}.Debug|iPhone.Build.0 = Debug|Any CPU
		{D5E7BCEC-8ACF-409D-BD02-55B22CA56459}.Debug|iPhoneSimulator.ActiveCfg = Debug|Any CPU
		{D5E7BCEC-8ACF-409D-BD02-55B22CA56459}.Debug|iPhoneSimulator.Build.0 = Debug|Any CPU
		{D5E7BCEC-8ACF-409D-BD02-55B22CA56459}.Debug|x64.ActiveCfg = Debug|Any CPU
		{D5E7BCEC-8ACF-409D-BD02-55B22CA56459}.Debug|x64.Build.0 = Debug|Any CPU
		{D5E7BCEC-8ACF-409D-BD02-55B22CA56459}.Debug|x86.ActiveCfg = Debug|Any CPU
		{D5E7BCEC-8ACF-409D-BD02-55B22CA56459}.Debug|x86.Build.0 = Debug|Any CPU
		{D5E7BCEC-8ACF-409D-BD02-55B22CA56459}.Release|Any CPU.ActiveCfg = Release|Any CPU
		{D5E7BCEC-8ACF-409D-BD02-55B22CA56459}.Release|Any CPU.Build.0 = Release|Any CPU
		{D5E7BCEC-8ACF-409D-BD02-55B22CA56459}.Release|ARM.ActiveCfg = Release|Any CPU
		{D5E7BCEC-8ACF-409D-BD02-55B22CA56459}.Release|ARM.Build.0 = Release|Any CPU
		{D5E7BCEC-8ACF-409D-BD02-55B22CA56459}.Release|iPhone.ActiveCfg = Release|Any CPU
		{D5E7BCEC-8ACF-409D-BD02-55B22CA56459}.Release|iPhone.Build.0 = Release|Any CPU
		{D5E7BCEC-8ACF-409D-BD02-55B22CA56459}.Release|iPhoneSimulator.ActiveCfg = Release|Any CPU
		{D5E7BCEC-8ACF-409D-BD02-55B22CA56459}.Release|iPhoneSimulator.Build.0 = Release|Any CPU
		{D5E7BCEC-8ACF-409D-BD02-55B22CA56459}.Release|x64.ActiveCfg = Release|Any CPU
		{D5E7BCEC-8ACF-409D-BD02-55B22CA56459}.Release|x64.Build.0 = Release|Any CPU
		{D5E7BCEC-8ACF-409D-BD02-55B22CA56459}.Release|x86.ActiveCfg = Release|Any CPU
		{D5E7BCEC-8ACF-409D-BD02-55B22CA56459}.Release|x86.Build.0 = Release|Any CPU
		{E1295457-9ABC-45E5-876F-D74FF7578A36}.Ad-Hoc|Any CPU.ActiveCfg = Release|Any CPU
		{E1295457-9ABC-45E5-876F-D74FF7578A36}.Ad-Hoc|Any CPU.Build.0 = Release|Any CPU
		{E1295457-9ABC-45E5-876F-D74FF7578A36}.Ad-Hoc|ARM.ActiveCfg = Release|Any CPU
		{E1295457-9ABC-45E5-876F-D74FF7578A36}.Ad-Hoc|ARM.Build.0 = Release|Any CPU
		{E1295457-9ABC-45E5-876F-D74FF7578A36}.Ad-Hoc|iPhone.ActiveCfg = Release|Any CPU
		{E1295457-9ABC-45E5-876F-D74FF7578A36}.Ad-Hoc|iPhone.Build.0 = Release|Any CPU
		{E1295457-9ABC-45E5-876F-D74FF7578A36}.Ad-Hoc|iPhoneSimulator.ActiveCfg = Release|Any CPU
		{E1295457-9ABC-45E5-876F-D74FF7578A36}.Ad-Hoc|iPhoneSimulator.Build.0 = Release|Any CPU
		{E1295457-9ABC-45E5-876F-D74FF7578A36}.Ad-Hoc|x64.ActiveCfg = Release|Any CPU
		{E1295457-9ABC-45E5-876F-D74FF7578A36}.Ad-Hoc|x64.Build.0 = Release|Any CPU
		{E1295457-9ABC-45E5-876F-D74FF7578A36}.Ad-Hoc|x86.ActiveCfg = Release|Any CPU
		{E1295457-9ABC-45E5-876F-D74FF7578A36}.Ad-Hoc|x86.Build.0 = Release|Any CPU
		{E1295457-9ABC-45E5-876F-D74FF7578A36}.AppStore|Any CPU.ActiveCfg = Release|Any CPU
		{E1295457-9ABC-45E5-876F-D74FF7578A36}.AppStore|Any CPU.Build.0 = Release|Any CPU
		{E1295457-9ABC-45E5-876F-D74FF7578A36}.AppStore|ARM.ActiveCfg = Release|Any CPU
		{E1295457-9ABC-45E5-876F-D74FF7578A36}.AppStore|ARM.Build.0 = Release|Any CPU
		{E1295457-9ABC-45E5-876F-D74FF7578A36}.AppStore|iPhone.ActiveCfg = Release|Any CPU
		{E1295457-9ABC-45E5-876F-D74FF7578A36}.AppStore|iPhone.Build.0 = Release|Any CPU
		{E1295457-9ABC-45E5-876F-D74FF7578A36}.AppStore|iPhoneSimulator.ActiveCfg = Release|Any CPU
		{E1295457-9ABC-45E5-876F-D74FF7578A36}.AppStore|iPhoneSimulator.Build.0 = Release|Any CPU
		{E1295457-9ABC-45E5-876F-D74FF7578A36}.AppStore|x64.ActiveCfg = Release|Any CPU
		{E1295457-9ABC-45E5-876F-D74FF7578A36}.AppStore|x64.Build.0 = Release|Any CPU
		{E1295457-9ABC-45E5-876F-D74FF7578A36}.AppStore|x86.ActiveCfg = Release|Any CPU
		{E1295457-9ABC-45E5-876F-D74FF7578A36}.AppStore|x86.Build.0 = Release|Any CPU
		{E1295457-9ABC-45E5-876F-D74FF7578A36}.Debug|Any CPU.ActiveCfg = Debug|Any CPU
		{E1295457-9ABC-45E5-876F-D74FF7578A36}.Debug|Any CPU.Build.0 = Debug|Any CPU
		{E1295457-9ABC-45E5-876F-D74FF7578A36}.Debug|ARM.ActiveCfg = Debug|Any CPU
		{E1295457-9ABC-45E5-876F-D74FF7578A36}.Debug|ARM.Build.0 = Debug|Any CPU
		{E1295457-9ABC-45E5-876F-D74FF7578A36}.Debug|iPhone.ActiveCfg = Debug|Any CPU
		{E1295457-9ABC-45E5-876F-D74FF7578A36}.Debug|iPhone.Build.0 = Debug|Any CPU
		{E1295457-9ABC-45E5-876F-D74FF7578A36}.Debug|iPhoneSimulator.ActiveCfg = Debug|Any CPU
		{E1295457-9ABC-45E5-876F-D74FF7578A36}.Debug|iPhoneSimulator.Build.0 = Debug|Any CPU
		{E1295457-9ABC-45E5-876F-D74FF7578A36}.Debug|x64.ActiveCfg = Debug|Any CPU
		{E1295457-9ABC-45E5-876F-D74FF7578A36}.Debug|x64.Build.0 = Debug|Any CPU
		{E1295457-9ABC-45E5-876F-D74FF7578A36}.Debug|x86.ActiveCfg = Debug|Any CPU
		{E1295457-9ABC-45E5-876F-D74FF7578A36}.Debug|x86.Build.0 = Debug|Any CPU
		{E1295457-9ABC-45E5-876F-D74FF7578A36}.Release|Any CPU.ActiveCfg = Release|Any CPU
		{E1295457-9ABC-45E5-876F-D74FF7578A36}.Release|Any CPU.Build.0 = Release|Any CPU
		{E1295457-9ABC-45E5-876F-D74FF7578A36}.Release|ARM.ActiveCfg = Release|Any CPU
		{E1295457-9ABC-45E5-876F-D74FF7578A36}.Release|ARM.Build.0 = Release|Any CPU
		{E1295457-9ABC-45E5-876F-D74FF7578A36}.Release|iPhone.ActiveCfg = Release|Any CPU
		{E1295457-9ABC-45E5-876F-D74FF7578A36}.Release|iPhone.Build.0 = Release|Any CPU
		{E1295457-9ABC-45E5-876F-D74FF7578A36}.Release|iPhoneSimulator.ActiveCfg = Release|Any CPU
		{E1295457-9ABC-45E5-876F-D74FF7578A36}.Release|iPhoneSimulator.Build.0 = Release|Any CPU
		{E1295457-9ABC-45E5-876F-D74FF7578A36}.Release|x64.ActiveCfg = Release|Any CPU
		{E1295457-9ABC-45E5-876F-D74FF7578A36}.Release|x64.Build.0 = Release|Any CPU
		{E1295457-9ABC-45E5-876F-D74FF7578A36}.Release|x86.ActiveCfg = Release|Any CPU
		{E1295457-9ABC-45E5-876F-D74FF7578A36}.Release|x86.Build.0 = Release|Any CPU
		{F8BC7C18-C3C8-4458-A9BA-7879BB97AA23}.Ad-Hoc|Any CPU.ActiveCfg = Release|Any CPU
		{F8BC7C18-C3C8-4458-A9BA-7879BB97AA23}.Ad-Hoc|Any CPU.Build.0 = Release|Any CPU
		{F8BC7C18-C3C8-4458-A9BA-7879BB97AA23}.Ad-Hoc|ARM.ActiveCfg = Release|Any CPU
		{F8BC7C18-C3C8-4458-A9BA-7879BB97AA23}.Ad-Hoc|ARM.Build.0 = Release|Any CPU
		{F8BC7C18-C3C8-4458-A9BA-7879BB97AA23}.Ad-Hoc|iPhone.ActiveCfg = Release|Any CPU
		{F8BC7C18-C3C8-4458-A9BA-7879BB97AA23}.Ad-Hoc|iPhone.Build.0 = Release|Any CPU
		{F8BC7C18-C3C8-4458-A9BA-7879BB97AA23}.Ad-Hoc|iPhoneSimulator.ActiveCfg = Release|Any CPU
		{F8BC7C18-C3C8-4458-A9BA-7879BB97AA23}.Ad-Hoc|iPhoneSimulator.Build.0 = Release|Any CPU
		{F8BC7C18-C3C8-4458-A9BA-7879BB97AA23}.Ad-Hoc|x64.ActiveCfg = Release|Any CPU
		{F8BC7C18-C3C8-4458-A9BA-7879BB97AA23}.Ad-Hoc|x64.Build.0 = Release|Any CPU
		{F8BC7C18-C3C8-4458-A9BA-7879BB97AA23}.Ad-Hoc|x86.ActiveCfg = Release|Any CPU
		{F8BC7C18-C3C8-4458-A9BA-7879BB97AA23}.Ad-Hoc|x86.Build.0 = Release|Any CPU
		{F8BC7C18-C3C8-4458-A9BA-7879BB97AA23}.AppStore|Any CPU.ActiveCfg = Release|Any CPU
		{F8BC7C18-C3C8-4458-A9BA-7879BB97AA23}.AppStore|Any CPU.Build.0 = Release|Any CPU
		{F8BC7C18-C3C8-4458-A9BA-7879BB97AA23}.AppStore|ARM.ActiveCfg = Release|Any CPU
		{F8BC7C18-C3C8-4458-A9BA-7879BB97AA23}.AppStore|ARM.Build.0 = Release|Any CPU
		{F8BC7C18-C3C8-4458-A9BA-7879BB97AA23}.AppStore|iPhone.ActiveCfg = Release|Any CPU
		{F8BC7C18-C3C8-4458-A9BA-7879BB97AA23}.AppStore|iPhone.Build.0 = Release|Any CPU
		{F8BC7C18-C3C8-4458-A9BA-7879BB97AA23}.AppStore|iPhoneSimulator.ActiveCfg = Release|Any CPU
		{F8BC7C18-C3C8-4458-A9BA-7879BB97AA23}.AppStore|iPhoneSimulator.Build.0 = Release|Any CPU
		{F8BC7C18-C3C8-4458-A9BA-7879BB97AA23}.AppStore|x64.ActiveCfg = Release|Any CPU
		{F8BC7C18-C3C8-4458-A9BA-7879BB97AA23}.AppStore|x64.Build.0 = Release|Any CPU
		{F8BC7C18-C3C8-4458-A9BA-7879BB97AA23}.AppStore|x86.ActiveCfg = Release|Any CPU
		{F8BC7C18-C3C8-4458-A9BA-7879BB97AA23}.AppStore|x86.Build.0 = Release|Any CPU
		{F8BC7C18-C3C8-4458-A9BA-7879BB97AA23}.Debug|Any CPU.ActiveCfg = Debug|Any CPU
		{F8BC7C18-C3C8-4458-A9BA-7879BB97AA23}.Debug|Any CPU.Build.0 = Debug|Any CPU
		{F8BC7C18-C3C8-4458-A9BA-7879BB97AA23}.Debug|ARM.ActiveCfg = Debug|Any CPU
		{F8BC7C18-C3C8-4458-A9BA-7879BB97AA23}.Debug|ARM.Build.0 = Debug|Any CPU
		{F8BC7C18-C3C8-4458-A9BA-7879BB97AA23}.Debug|iPhone.ActiveCfg = Debug|Any CPU
		{F8BC7C18-C3C8-4458-A9BA-7879BB97AA23}.Debug|iPhone.Build.0 = Debug|Any CPU
		{F8BC7C18-C3C8-4458-A9BA-7879BB97AA23}.Debug|iPhoneSimulator.ActiveCfg = Debug|Any CPU
		{F8BC7C18-C3C8-4458-A9BA-7879BB97AA23}.Debug|iPhoneSimulator.Build.0 = Debug|Any CPU
		{F8BC7C18-C3C8-4458-A9BA-7879BB97AA23}.Debug|x64.ActiveCfg = Debug|Any CPU
		{F8BC7C18-C3C8-4458-A9BA-7879BB97AA23}.Debug|x64.Build.0 = Debug|Any CPU
		{F8BC7C18-C3C8-4458-A9BA-7879BB97AA23}.Debug|x86.ActiveCfg = Debug|Any CPU
		{F8BC7C18-C3C8-4458-A9BA-7879BB97AA23}.Debug|x86.Build.0 = Debug|Any CPU
		{F8BC7C18-C3C8-4458-A9BA-7879BB97AA23}.Release|Any CPU.ActiveCfg = Release|Any CPU
		{F8BC7C18-C3C8-4458-A9BA-7879BB97AA23}.Release|Any CPU.Build.0 = Release|Any CPU
		{F8BC7C18-C3C8-4458-A9BA-7879BB97AA23}.Release|ARM.ActiveCfg = Release|Any CPU
		{F8BC7C18-C3C8-4458-A9BA-7879BB97AA23}.Release|ARM.Build.0 = Release|Any CPU
		{F8BC7C18-C3C8-4458-A9BA-7879BB97AA23}.Release|iPhone.ActiveCfg = Release|Any CPU
		{F8BC7C18-C3C8-4458-A9BA-7879BB97AA23}.Release|iPhone.Build.0 = Release|Any CPU
		{F8BC7C18-C3C8-4458-A9BA-7879BB97AA23}.Release|iPhoneSimulator.ActiveCfg = Release|Any CPU
		{F8BC7C18-C3C8-4458-A9BA-7879BB97AA23}.Release|iPhoneSimulator.Build.0 = Release|Any CPU
		{F8BC7C18-C3C8-4458-A9BA-7879BB97AA23}.Release|x64.ActiveCfg = Release|Any CPU
		{F8BC7C18-C3C8-4458-A9BA-7879BB97AA23}.Release|x64.Build.0 = Release|Any CPU
		{F8BC7C18-C3C8-4458-A9BA-7879BB97AA23}.Release|x86.ActiveCfg = Release|Any CPU
		{F8BC7C18-C3C8-4458-A9BA-7879BB97AA23}.Release|x86.Build.0 = Release|Any CPU
		{F1789851-EC70-4D92-AE3C-7058130A5E94}.Ad-Hoc|Any CPU.ActiveCfg = Release|Any CPU
		{F1789851-EC70-4D92-AE3C-7058130A5E94}.Ad-Hoc|Any CPU.Build.0 = Release|Any CPU
		{F1789851-EC70-4D92-AE3C-7058130A5E94}.Ad-Hoc|ARM.ActiveCfg = Release|Any CPU
		{F1789851-EC70-4D92-AE3C-7058130A5E94}.Ad-Hoc|ARM.Build.0 = Release|Any CPU
		{F1789851-EC70-4D92-AE3C-7058130A5E94}.Ad-Hoc|iPhone.ActiveCfg = Release|Any CPU
		{F1789851-EC70-4D92-AE3C-7058130A5E94}.Ad-Hoc|iPhone.Build.0 = Release|Any CPU
		{F1789851-EC70-4D92-AE3C-7058130A5E94}.Ad-Hoc|iPhoneSimulator.ActiveCfg = Release|Any CPU
		{F1789851-EC70-4D92-AE3C-7058130A5E94}.Ad-Hoc|iPhoneSimulator.Build.0 = Release|Any CPU
		{F1789851-EC70-4D92-AE3C-7058130A5E94}.Ad-Hoc|x64.ActiveCfg = Release|Any CPU
		{F1789851-EC70-4D92-AE3C-7058130A5E94}.Ad-Hoc|x64.Build.0 = Release|Any CPU
		{F1789851-EC70-4D92-AE3C-7058130A5E94}.Ad-Hoc|x86.ActiveCfg = Release|Any CPU
		{F1789851-EC70-4D92-AE3C-7058130A5E94}.Ad-Hoc|x86.Build.0 = Release|Any CPU
		{F1789851-EC70-4D92-AE3C-7058130A5E94}.AppStore|Any CPU.ActiveCfg = Release|Any CPU
		{F1789851-EC70-4D92-AE3C-7058130A5E94}.AppStore|Any CPU.Build.0 = Release|Any CPU
		{F1789851-EC70-4D92-AE3C-7058130A5E94}.AppStore|ARM.ActiveCfg = Release|Any CPU
		{F1789851-EC70-4D92-AE3C-7058130A5E94}.AppStore|ARM.Build.0 = Release|Any CPU
		{F1789851-EC70-4D92-AE3C-7058130A5E94}.AppStore|iPhone.ActiveCfg = Release|Any CPU
		{F1789851-EC70-4D92-AE3C-7058130A5E94}.AppStore|iPhone.Build.0 = Release|Any CPU
		{F1789851-EC70-4D92-AE3C-7058130A5E94}.AppStore|iPhoneSimulator.ActiveCfg = Release|Any CPU
		{F1789851-EC70-4D92-AE3C-7058130A5E94}.AppStore|iPhoneSimulator.Build.0 = Release|Any CPU
		{F1789851-EC70-4D92-AE3C-7058130A5E94}.AppStore|x64.ActiveCfg = Release|Any CPU
		{F1789851-EC70-4D92-AE3C-7058130A5E94}.AppStore|x64.Build.0 = Release|Any CPU
		{F1789851-EC70-4D92-AE3C-7058130A5E94}.AppStore|x86.ActiveCfg = Release|Any CPU
		{F1789851-EC70-4D92-AE3C-7058130A5E94}.AppStore|x86.Build.0 = Release|Any CPU
		{F1789851-EC70-4D92-AE3C-7058130A5E94}.Debug|Any CPU.ActiveCfg = Debug|Any CPU
		{F1789851-EC70-4D92-AE3C-7058130A5E94}.Debug|Any CPU.Build.0 = Debug|Any CPU
		{F1789851-EC70-4D92-AE3C-7058130A5E94}.Debug|ARM.ActiveCfg = Debug|Any CPU
		{F1789851-EC70-4D92-AE3C-7058130A5E94}.Debug|ARM.Build.0 = Debug|Any CPU
		{F1789851-EC70-4D92-AE3C-7058130A5E94}.Debug|iPhone.ActiveCfg = Debug|Any CPU
		{F1789851-EC70-4D92-AE3C-7058130A5E94}.Debug|iPhone.Build.0 = Debug|Any CPU
		{F1789851-EC70-4D92-AE3C-7058130A5E94}.Debug|iPhoneSimulator.ActiveCfg = Debug|Any CPU
		{F1789851-EC70-4D92-AE3C-7058130A5E94}.Debug|iPhoneSimulator.Build.0 = Debug|Any CPU
		{F1789851-EC70-4D92-AE3C-7058130A5E94}.Debug|x64.ActiveCfg = Debug|Any CPU
		{F1789851-EC70-4D92-AE3C-7058130A5E94}.Debug|x64.Build.0 = Debug|Any CPU
		{F1789851-EC70-4D92-AE3C-7058130A5E94}.Debug|x86.ActiveCfg = Debug|Any CPU
		{F1789851-EC70-4D92-AE3C-7058130A5E94}.Debug|x86.Build.0 = Debug|Any CPU
		{F1789851-EC70-4D92-AE3C-7058130A5E94}.Release|Any CPU.ActiveCfg = Release|Any CPU
		{F1789851-EC70-4D92-AE3C-7058130A5E94}.Release|Any CPU.Build.0 = Release|Any CPU
		{F1789851-EC70-4D92-AE3C-7058130A5E94}.Release|ARM.ActiveCfg = Release|Any CPU
		{F1789851-EC70-4D92-AE3C-7058130A5E94}.Release|ARM.Build.0 = Release|Any CPU
		{F1789851-EC70-4D92-AE3C-7058130A5E94}.Release|iPhone.ActiveCfg = Release|Any CPU
		{F1789851-EC70-4D92-AE3C-7058130A5E94}.Release|iPhone.Build.0 = Release|Any CPU
		{F1789851-EC70-4D92-AE3C-7058130A5E94}.Release|iPhoneSimulator.ActiveCfg = Release|Any CPU
		{F1789851-EC70-4D92-AE3C-7058130A5E94}.Release|iPhoneSimulator.Build.0 = Release|Any CPU
		{F1789851-EC70-4D92-AE3C-7058130A5E94}.Release|x64.ActiveCfg = Release|Any CPU
		{F1789851-EC70-4D92-AE3C-7058130A5E94}.Release|x64.Build.0 = Release|Any CPU
		{F1789851-EC70-4D92-AE3C-7058130A5E94}.Release|x86.ActiveCfg = Release|Any CPU
		{F1789851-EC70-4D92-AE3C-7058130A5E94}.Release|x86.Build.0 = Release|Any CPU
	EndGlobalSection
	GlobalSection(SolutionProperties) = preSolution
		HideSolutionNode = FALSE
	EndGlobalSection
	GlobalSection(ExtensibilityGlobals) = postSolution
		SolutionGuid = {EB2F9787-6F2B-4A72-875F-E73427F3A3FB}
	EndGlobalSection
EndGlobal
