
Microsoft Visual Studio Solution File, Format Version 12.00
# Visual Studio 15
VisualStudioVersion = 15.0.26730.16
MinimumVisualStudioVersion = 10.0.40219.1
Project("{9A19103F-16F7-4668-BE54-9A1E7A4F7556}") = "Premy.Chatovatko.Server", "Premy.Chatovatko.Server\Premy.Chatovatko.Server.csproj", "{D5E7BCEC-8ACF-409D-BD02-55B22CA56459}"
	ProjectSection(ProjectDependencies) = postProject
		{F8BC7C18-C3C8-4458-A9BA-7879BB97AA23} = {F8BC7C18-C3C8-4458-A9BA-7879BB97AA23}
	EndProjectSection
EndProject
Project("{9A19103F-16F7-4668-BE54-9A1E7A4F7556}") = "Premy.Chatovatko.Client", "Premy.Chatovatko.Client\Premy.Chatovatko.Client.csproj", "{E1295457-9ABC-45E5-876F-D74FF7578A36}"
	ProjectSection(ProjectDependencies) = postProject
		{F8BC7C18-C3C8-4458-A9BA-7879BB97AA23} = {F8BC7C18-C3C8-4458-A9BA-7879BB97AA23}
	EndProjectSection
EndProject
Project("{9A19103F-16F7-4668-BE54-9A1E7A4F7556}") = "Premy.Chatovatko.Libs", "Premy.Chatovatko.Libs\Premy.Chatovatko.Libs.csproj", "{F8BC7C18-C3C8-4458-A9BA-7879BB97AA23}"
EndProject
Project("{9A19103F-16F7-4668-BE54-9A1E7A4F7556}") = "Premy.Chatovatko.ClientLibs", "Premy.Chatovatko.ClientLibs\Premy.Chatovatko.ClientLibs.csproj", "{F1789851-EC70-4D92-AE3C-7058130A5E94}"
EndProject
Project("{FAE04EC0-301F-11D3-BF4B-00C04F79EFBC}") = "Premy.Chatovatko.MobileClient.Android", "Premy.Chatovatko.MobileClient\Premy.Chatovatko.MobileClient.Android\Premy.Chatovatko.MobileClient.Android.csproj", "{0F7BC961-AA38-442A-8CF8-7522679365A4}"
EndProject
Project("{FAE04EC0-301F-11D3-BF4B-00C04F79EFBC}") = "Premy.Chatovatko.MobileClient.iOS", "Premy.Chatovatko.MobileClient\Premy.Chatovatko.MobileClient.iOS\Premy.Chatovatko.MobileClient.iOS.csproj", "{22B77D16-F208-4D39-944B-C1F407B85C4F}"
EndProject
Project("{FAE04EC0-301F-11D3-BF4B-00C04F79EFBC}") = "Premy.Chatovatko.MobileClient.UWP", "Premy.Chatovatko.MobileClient\Premy.Chatovatko.MobileClient.UWP\Premy.Chatovatko.MobileClient.UWP.csproj", "{59B82A21-39F8-47D1-8B5E-3F97C159AD42}"
EndProject
Project("{D954291E-2A0B-460D-934E-DC6B0785DB48}") = "Premy.Chatovatko.MobileClient", "Premy.Chatovatko.MobileClient\Premy.Chatovatko.MobileClient\Premy.Chatovatko.MobileClient.shproj", "{5CF5D29F-2C41-49A9-B5BA-A53F9B31F79A}"
EndProject
Global
	GlobalSection(SharedMSBuildProjectFiles) = preSolution
		Premy.Chatovatko.MobileClient\Premy.Chatovatko.MobileClient\Premy.Chatovatko.MobileClient.projitems*{0f7bc961-aa38-442a-8cf8-7522679365a4}*SharedItemsImports = 4
		Premy.Chatovatko.MobileClient\Premy.Chatovatko.MobileClient\Premy.Chatovatko.MobileClient.projitems*{22b77d16-f208-4d39-944b-c1f407b85c4f}*SharedItemsImports = 4
		Premy.Chatovatko.MobileClient\Premy.Chatovatko.MobileClient\Premy.Chatovatko.MobileClient.projitems*{59b82a21-39f8-47d1-8b5e-3f97c159ad42}*SharedItemsImports = 4
		Premy.Chatovatko.MobileClient\Premy.Chatovatko.MobileClient\Premy.Chatovatko.MobileClient.projitems*{5cf5d29f-2c41-49a9-b5ba-a53f9b31f79a}*SharedItemsImports = 13
	EndGlobalSection
	GlobalSection(SolutionConfigurationPlatforms) = preSolution
		Ad-Hoc|Any CPU = Ad-Hoc|Any CPU
		Ad-Hoc|ARM = Ad-Hoc|ARM
		Ad-Hoc|iPhone = Ad-Hoc|iPhone
		Ad-Hoc|iPhoneSimulator = Ad-Hoc|iPhoneSimulator
		Ad-Hoc|x64 = Ad-Hoc|x64
		Ad-Hoc|x86 = Ad-Hoc|x86
		AppStore|Any CPU = AppStore|Any CPU
		AppStore|ARM = AppStore|ARM
		AppStore|iPhone = AppStore|iPhone
		AppStore|iPhoneSimulator = AppStore|iPhoneSimulator
		AppStore|x64 = AppStore|x64
		AppStore|x86 = AppStore|x86
		Debug|Any CPU = Debug|Any CPU
		Debug|ARM = Debug|ARM
		Debug|iPhone = Debug|iPhone
		Debug|iPhoneSimulator = Debug|iPhoneSimulator
		Debug|x64 = Debug|x64
		Debug|x86 = Debug|x86
		Release|Any CPU = Release|Any CPU
		Release|ARM = Release|ARM
		Release|iPhone = Release|iPhone
		Release|iPhoneSimulator = Release|iPhoneSimulator
		Release|x64 = Release|x64
		Release|x86 = Release|x86
	EndGlobalSection
	GlobalSection(ProjectConfigurationPlatforms) = postSolution
		{D5E7BCEC-8ACF-409D-BD02-55B22CA56459}.Ad-Hoc|Any CPU.ActiveCfg = Release|Any CPU
		{D5E7BCEC-8ACF-409D-BD02-55B22CA56459}.Ad-Hoc|Any CPU.Build.0 = Release|Any CPU
		{D5E7BCEC-8ACF-409D-BD02-55B22CA56459}.Ad-Hoc|ARM.ActiveCfg = Release|Any CPU
		{D5E7BCEC-8ACF-409D-BD02-55B22CA56459}.Ad-Hoc|ARM.Build.0 = Release|Any CPU
		{D5E7BCEC-8ACF-409D-BD02-55B22CA56459}.Ad-Hoc|iPhone.ActiveCfg = Release|Any CPU
		{D5E7BCEC-8ACF-409D-BD02-55B22CA56459}.Ad-Hoc|iPhone.Build.0 = Release|Any CPU
		{D5E7BCEC-8ACF-409D-BD02-55B22CA56459}.Ad-Hoc|iPhoneSimulator.ActiveCfg = Release|Any CPU
		{D5E7BCEC-8ACF-409D-BD02-55B22CA56459}.Ad-Hoc|iPhoneSimulator.Build.0 = Release|Any CPU
		{D5E7BCEC-8ACF-409D-BD02-55B22CA56459}.Ad-Hoc|x64.ActiveCfg = Release|Any CPU
		{D5E7BCEC-8ACF-409D-BD02-55B22CA56459}.Ad-Hoc|x64.Build.0 = Release|Any CPU
		{D5E7BCEC-8ACF-409D-BD02-55B22CA56459}.Ad-Hoc|x86.ActiveCfg = Release|Any CPU
		{D5E7BCEC-8ACF-409D-BD02-55B22CA56459}.Ad-Hoc|x86.Build.0 = Release|Any CPU
		{D5E7BCEC-8ACF-409D-BD02-55B22CA56459}.AppStore|Any CPU.ActiveCfg = Release|Any CPU
		{D5E7BCEC-8ACF-409D-BD02-55B22CA56459}.AppStore|Any CPU.Build.0 = Release|Any CPU
		{D5E7BCEC-8ACF-409D-BD02-55B22CA56459}.AppStore|ARM.ActiveCfg = Release|Any CPU
		{D5E7BCEC-8ACF-409D-BD02-55B22CA56459}.AppStore|ARM.Build.0 = Release|Any CPU
		{D5E7BCEC-8ACF-409D-BD02-55B22CA56459}.AppStore|iPhone.ActiveCfg = Release|Any CPU
		{D5E7BCEC-8ACF-409D-BD02-55B22CA56459}.AppStore|iPhone.Build.0 = Release|Any CPU
		{D5E7BCEC-8ACF-409D-BD02-55B22CA56459}.AppStore|iPhoneSimulator.ActiveCfg = Release|Any CPU
		{D5E7BCEC-8ACF-409D-BD02-55B22CA56459}.AppStore|iPhoneSimulator.Build.0 = Release|Any CPU
		{D5E7BCEC-8ACF-409D-BD02-55B22CA56459}.AppStore|x64.ActiveCfg = Release|Any CPU
		{D5E7BCEC-8ACF-409D-BD02-55B22CA56459}.AppStore|x64.Build.0 = Release|Any CPU
		{D5E7BCEC-8ACF-409D-BD02-55B22CA56459}.AppStore|x86.ActiveCfg = Release|Any CPU
		{D5E7BCEC-8ACF-409D-BD02-55B22CA56459}.AppStore|x86.Build.0 = Release|Any CPU
		{D5E7BCEC-8ACF-409D-BD02-55B22CA56459}.Debug|Any CPU.ActiveCfg = Debug|Any CPU
		{D5E7BCEC-8ACF-409D-BD02-55B22CA56459}.Debug|Any CPU.Build.0 = Debug|Any CPU
		{D5E7BCEC-8ACF-409D-BD02-55B22CA56459}.Debug|ARM.ActiveCfg = Debug|Any CPU
		{D5E7BCEC-8ACF-409D-BD02-55B22CA56459}.Debug|ARM.Build.0 = Debug|Any CPU
		{D5E7BCEC-8ACF-409D-BD02-55B22CA56459}.Debug|iPhone.ActiveCfg = Debug|Any CPU
		{D5E7BCEC-8ACF-409D-BD02-55B22CA56459}.Debug|iPhone.Build.0 = Debug|Any CPU
		{D5E7BCEC-8ACF-409D-BD02-55B22CA56459}.Debug|iPhoneSimulator.ActiveCfg = Debug|Any CPU
		{D5E7BCEC-8ACF-409D-BD02-55B22CA56459}.Debug|iPhoneSimulator.Build.0 = Debug|Any CPU
		{D5E7BCEC-8ACF-409D-BD02-55B22CA56459}.Debug|x64.ActiveCfg = Debug|Any CPU
		{D5E7BCEC-8ACF-409D-BD02-55B22CA56459}.Debug|x64.Build.0 = Debug|Any CPU
		{D5E7BCEC-8ACF-409D-BD02-55B22CA56459}.Debug|x86.ActiveCfg = Debug|Any CPU
		{D5E7BCEC-8ACF-409D-BD02-55B22CA56459}.Debug|x86.Build.0 = Debug|Any CPU
		{D5E7BCEC-8ACF-409D-BD02-55B22CA56459}.Release|Any CPU.ActiveCfg = Release|Any CPU
		{D5E7BCEC-8ACF-409D-BD02-55B22CA56459}.Release|Any CPU.Build.0 = Release|Any CPU
		{D5E7BCEC-8ACF-409D-BD02-55B22CA56459}.Release|ARM.ActiveCfg = Release|Any CPU
		{D5E7BCEC-8ACF-409D-BD02-55B22CA56459}.Release|ARM.Build.0 = Release|Any CPU
		{D5E7BCEC-8ACF-409D-BD02-55B22CA56459}.Release|iPhone.ActiveCfg = Release|Any CPU
		{D5E7BCEC-8ACF-409D-BD02-55B22CA56459}.Release|iPhone.Build.0 = Release|Any CPU
		{D5E7BCEC-8ACF-409D-BD02-55B22CA56459}.Release|iPhoneSimulator.ActiveCfg = Release|Any CPU
		{D5E7BCEC-8ACF-409D-BD02-55B22CA56459}.Release|iPhoneSimulator.Build.0 = Release|Any CPU
		{D5E7BCEC-8ACF-409D-BD02-55B22CA56459}.Release|x64.ActiveCfg = Release|Any CPU
		{D5E7BCEC-8ACF-409D-BD02-55B22CA56459}.Release|x64.Build.0 = Release|Any CPU
		{D5E7BCEC-8ACF-409D-BD02-55B22CA56459}.Release|x86.ActiveCfg = Release|Any CPU
		{D5E7BCEC-8ACF-409D-BD02-55B22CA56459}.Release|x86.Build.0 = Release|Any CPU
		{E1295457-9ABC-45E5-876F-D74FF7578A36}.Ad-Hoc|Any CPU.ActiveCfg = Release|Any CPU
		{E1295457-9ABC-45E5-876F-D74FF7578A36}.Ad-Hoc|Any CPU.Build.0 = Release|Any CPU
		{E1295457-9ABC-45E5-876F-D74FF7578A36}.Ad-Hoc|ARM.ActiveCfg = Release|Any CPU
		{E1295457-9ABC-45E5-876F-D74FF7578A36}.Ad-Hoc|ARM.Build.0 = Release|Any CPU
		{E1295457-9ABC-45E5-876F-D74FF7578A36}.Ad-Hoc|iPhone.ActiveCfg = Release|Any CPU
		{E1295457-9ABC-45E5-876F-D74FF7578A36}.Ad-Hoc|iPhone.Build.0 = Release|Any CPU
		{E1295457-9ABC-45E5-876F-D74FF7578A36}.Ad-Hoc|iPhoneSimulator.ActiveCfg = Release|Any CPU
		{E1295457-9ABC-45E5-876F-D74FF7578A36}.Ad-Hoc|iPhoneSimulator.Build.0 = Release|Any CPU
		{E1295457-9ABC-45E5-876F-D74FF7578A36}.Ad-Hoc|x64.ActiveCfg = Release|Any CPU
		{E1295457-9ABC-45E5-876F-D74FF7578A36}.Ad-Hoc|x64.Build.0 = Release|Any CPU
		{E1295457-9ABC-45E5-876F-D74FF7578A36}.Ad-Hoc|x86.ActiveCfg = Release|Any CPU
		{E1295457-9ABC-45E5-876F-D74FF7578A36}.Ad-Hoc|x86.Build.0 = Release|Any CPU
		{E1295457-9ABC-45E5-876F-D74FF7578A36}.AppStore|Any CPU.ActiveCfg = Release|Any CPU
		{E1295457-9ABC-45E5-876F-D74FF7578A36}.AppStore|Any CPU.Build.0 = Release|Any CPU
		{E1295457-9ABC-45E5-876F-D74FF7578A36}.AppStore|ARM.ActiveCfg = Release|Any CPU
		{E1295457-9ABC-45E5-876F-D74FF7578A36}.AppStore|ARM.Build.0 = Release|Any CPU
		{E1295457-9ABC-45E5-876F-D74FF7578A36}.AppStore|iPhone.ActiveCfg = Release|Any CPU
		{E1295457-9ABC-45E5-876F-D74FF7578A36}.AppStore|iPhone.Build.0 = Release|Any CPU
		{E1295457-9ABC-45E5-876F-D74FF7578A36}.AppStore|iPhoneSimulator.ActiveCfg = Release|Any CPU
		{E1295457-9ABC-45E5-876F-D74FF7578A36}.AppStore|iPhoneSimulator.Build.0 = Release|Any CPU
		{E1295457-9ABC-45E5-876F-D74FF7578A36}.AppStore|x64.ActiveCfg = Release|Any CPU
		{E1295457-9ABC-45E5-876F-D74FF7578A36}.AppStore|x64.Build.0 = Release|Any CPU
		{E1295457-9ABC-45E5-876F-D74FF7578A36}.AppStore|x86.ActiveCfg = Release|Any CPU
		{E1295457-9ABC-45E5-876F-D74FF7578A36}.AppStore|x86.Build.0 = Release|Any CPU
		{E1295457-9ABC-45E5-876F-D74FF7578A36}.Debug|Any CPU.ActiveCfg = Debug|Any CPU
		{E1295457-9ABC-45E5-876F-D74FF7578A36}.Debug|Any CPU.Build.0 = Debug|Any CPU
		{E1295457-9ABC-45E5-876F-D74FF7578A36}.Debug|ARM.ActiveCfg = Debug|Any CPU
		{E1295457-9ABC-45E5-876F-D74FF7578A36}.Debug|ARM.Build.0 = Debug|Any CPU
		{E1295457-9ABC-45E5-876F-D74FF7578A36}.Debug|iPhone.ActiveCfg = Debug|Any CPU
		{E1295457-9ABC-45E5-876F-D74FF7578A36}.Debug|iPhone.Build.0 = Debug|Any CPU
		{E1295457-9ABC-45E5-876F-D74FF7578A36}.Debug|iPhoneSimulator.ActiveCfg = Debug|Any CPU
		{E1295457-9ABC-45E5-876F-D74FF7578A36}.Debug|iPhoneSimulator.Build.0 = Debug|Any CPU
		{E1295457-9ABC-45E5-876F-D74FF7578A36}.Debug|x64.ActiveCfg = Debug|Any CPU
		{E1295457-9ABC-45E5-876F-D74FF7578A36}.Debug|x64.Build.0 = Debug|Any CPU
		{E1295457-9ABC-45E5-876F-D74FF7578A36}.Debug|x86.ActiveCfg = Debug|Any CPU
		{E1295457-9ABC-45E5-876F-D74FF7578A36}.Debug|x86.Build.0 = Debug|Any CPU
		{E1295457-9ABC-45E5-876F-D74FF7578A36}.Release|Any CPU.ActiveCfg = Release|Any CPU
		{E1295457-9ABC-45E5-876F-D74FF7578A36}.Release|Any CPU.Build.0 = Release|Any CPU
		{E1295457-9ABC-45E5-876F-D74FF7578A36}.Release|ARM.ActiveCfg = Release|Any CPU
		{E1295457-9ABC-45E5-876F-D74FF7578A36}.Release|ARM.Build.0 = Release|Any CPU
		{E1295457-9ABC-45E5-876F-D74FF7578A36}.Release|iPhone.ActiveCfg = Release|Any CPU
		{E1295457-9ABC-45E5-876F-D74FF7578A36}.Release|iPhone.Build.0 = Release|Any CPU
		{E1295457-9ABC-45E5-876F-D74FF7578A36}.Release|iPhoneSimulator.ActiveCfg = Release|Any CPU
		{E1295457-9ABC-45E5-876F-D74FF7578A36}.Release|iPhoneSimulator.Build.0 = Release|Any CPU
		{E1295457-9ABC-45E5-876F-D74FF7578A36}.Release|x64.ActiveCfg = Release|Any CPU
		{E1295457-9ABC-45E5-876F-D74FF7578A36}.Release|x64.Build.0 = Release|Any CPU
		{E1295457-9ABC-45E5-876F-D74FF7578A36}.Release|x86.ActiveCfg = Release|Any CPU
		{E1295457-9ABC-45E5-876F-D74FF7578A36}.Release|x86.Build.0 = Release|Any CPU
		{F8BC7C18-C3C8-4458-A9BA-7879BB97AA23}.Ad-Hoc|Any CPU.ActiveCfg = Release|Any CPU
		{F8BC7C18-C3C8-4458-A9BA-7879BB97AA23}.Ad-Hoc|Any CPU.Build.0 = Release|Any CPU
		{F8BC7C18-C3C8-4458-A9BA-7879BB97AA23}.Ad-Hoc|ARM.ActiveCfg = Release|Any CPU
		{F8BC7C18-C3C8-4458-A9BA-7879BB97AA23}.Ad-Hoc|ARM.Build.0 = Release|Any CPU
		{F8BC7C18-C3C8-4458-A9BA-7879BB97AA23}.Ad-Hoc|iPhone.ActiveCfg = Release|Any CPU
		{F8BC7C18-C3C8-4458-A9BA-7879BB97AA23}.Ad-Hoc|iPhone.Build.0 = Release|Any CPU
		{F8BC7C18-C3C8-4458-A9BA-7879BB97AA23}.Ad-Hoc|iPhoneSimulator.ActiveCfg = Release|Any CPU
		{F8BC7C18-C3C8-4458-A9BA-7879BB97AA23}.Ad-Hoc|iPhoneSimulator.Build.0 = Release|Any CPU
		{F8BC7C18-C3C8-4458-A9BA-7879BB97AA23}.Ad-Hoc|x64.ActiveCfg = Release|Any CPU
		{F8BC7C18-C3C8-4458-A9BA-7879BB97AA23}.Ad-Hoc|x64.Build.0 = Release|Any CPU
		{F8BC7C18-C3C8-4458-A9BA-7879BB97AA23}.Ad-Hoc|x86.ActiveCfg = Release|Any CPU
		{F8BC7C18-C3C8-4458-A9BA-7879BB97AA23}.Ad-Hoc|x86.Build.0 = Release|Any CPU
		{F8BC7C18-C3C8-4458-A9BA-7879BB97AA23}.AppStore|Any CPU.ActiveCfg = Release|Any CPU
		{F8BC7C18-C3C8-4458-A9BA-7879BB97AA23}.AppStore|Any CPU.Build.0 = Release|Any CPU
		{F8BC7C18-C3C8-4458-A9BA-7879BB97AA23}.AppStore|ARM.ActiveCfg = Release|Any CPU
		{F8BC7C18-C3C8-4458-A9BA-7879BB97AA23}.AppStore|ARM.Build.0 = Release|Any CPU
		{F8BC7C18-C3C8-4458-A9BA-7879BB97AA23}.AppStore|iPhone.ActiveCfg = Release|Any CPU
		{F8BC7C18-C3C8-4458-A9BA-7879BB97AA23}.AppStore|iPhone.Build.0 = Release|Any CPU
		{F8BC7C18-C3C8-4458-A9BA-7879BB97AA23}.AppStore|iPhoneSimulator.ActiveCfg = Release|Any CPU
		{F8BC7C18-C3C8-4458-A9BA-7879BB97AA23}.AppStore|iPhoneSimulator.Build.0 = Release|Any CPU
		{F8BC7C18-C3C8-4458-A9BA-7879BB97AA23}.AppStore|x64.ActiveCfg = Release|Any CPU
		{F8BC7C18-C3C8-4458-A9BA-7879BB97AA23}.AppStore|x64.Build.0 = Release|Any CPU
		{F8BC7C18-C3C8-4458-A9BA-7879BB97AA23}.AppStore|x86.ActiveCfg = Release|Any CPU
		{F8BC7C18-C3C8-4458-A9BA-7879BB97AA23}.AppStore|x86.Build.0 = Release|Any CPU
		{F8BC7C18-C3C8-4458-A9BA-7879BB97AA23}.Debug|Any CPU.ActiveCfg = Debug|Any CPU
		{F8BC7C18-C3C8-4458-A9BA-7879BB97AA23}.Debug|Any CPU.Build.0 = Debug|Any CPU
		{F8BC7C18-C3C8-4458-A9BA-7879BB97AA23}.Debug|ARM.ActiveCfg = Debug|Any CPU
		{F8BC7C18-C3C8-4458-A9BA-7879BB97AA23}.Debug|ARM.Build.0 = Debug|Any CPU
		{F8BC7C18-C3C8-4458-A9BA-7879BB97AA23}.Debug|iPhone.ActiveCfg = Debug|Any CPU
		{F8BC7C18-C3C8-4458-A9BA-7879BB97AA23}.Debug|iPhone.Build.0 = Debug|Any CPU
		{F8BC7C18-C3C8-4458-A9BA-7879BB97AA23}.Debug|iPhoneSimulator.ActiveCfg = Debug|Any CPU
		{F8BC7C18-C3C8-4458-A9BA-7879BB97AA23}.Debug|iPhoneSimulator.Build.0 = Debug|Any CPU
		{F8BC7C18-C3C8-4458-A9BA-7879BB97AA23}.Debug|x64.ActiveCfg = Debug|Any CPU
		{F8BC7C18-C3C8-4458-A9BA-7879BB97AA23}.Debug|x64.Build.0 = Debug|Any CPU
		{F8BC7C18-C3C8-4458-A9BA-7879BB97AA23}.Debug|x86.ActiveCfg = Debug|Any CPU
		{F8BC7C18-C3C8-4458-A9BA-7879BB97AA23}.Debug|x86.Build.0 = Debug|Any CPU
		{F8BC7C18-C3C8-4458-A9BA-7879BB97AA23}.Release|Any CPU.ActiveCfg = Release|Any CPU
		{F8BC7C18-C3C8-4458-A9BA-7879BB97AA23}.Release|Any CPU.Build.0 = Release|Any CPU
		{F8BC7C18-C3C8-4458-A9BA-7879BB97AA23}.Release|ARM.ActiveCfg = Release|Any CPU
		{F8BC7C18-C3C8-4458-A9BA-7879BB97AA23}.Release|ARM.Build.0 = Release|Any CPU
		{F8BC7C18-C3C8-4458-A9BA-7879BB97AA23}.Release|iPhone.ActiveCfg = Release|Any CPU
		{F8BC7C18-C3C8-4458-A9BA-7879BB97AA23}.Release|iPhone.Build.0 = Release|Any CPU
		{F8BC7C18-C3C8-4458-A9BA-7879BB97AA23}.Release|iPhoneSimulator.ActiveCfg = Release|Any CPU
		{F8BC7C18-C3C8-4458-A9BA-7879BB97AA23}.Release|iPhoneSimulator.Build.0 = Release|Any CPU
		{F8BC7C18-C3C8-4458-A9BA-7879BB97AA23}.Release|x64.ActiveCfg = Release|Any CPU
		{F8BC7C18-C3C8-4458-A9BA-7879BB97AA23}.Release|x64.Build.0 = Release|Any CPU
		{F8BC7C18-C3C8-4458-A9BA-7879BB97AA23}.Release|x86.ActiveCfg = Release|Any CPU
		{F8BC7C18-C3C8-4458-A9BA-7879BB97AA23}.Release|x86.Build.0 = Release|Any CPU
		{F1789851-EC70-4D92-AE3C-7058130A5E94}.Ad-Hoc|Any CPU.ActiveCfg = Release|Any CPU
		{F1789851-EC70-4D92-AE3C-7058130A5E94}.Ad-Hoc|Any CPU.Build.0 = Release|Any CPU
		{F1789851-EC70-4D92-AE3C-7058130A5E94}.Ad-Hoc|ARM.ActiveCfg = Release|Any CPU
		{F1789851-EC70-4D92-AE3C-7058130A5E94}.Ad-Hoc|ARM.Build.0 = Release|Any CPU
		{F1789851-EC70-4D92-AE3C-7058130A5E94}.Ad-Hoc|iPhone.ActiveCfg = Release|Any CPU
		{F1789851-EC70-4D92-AE3C-7058130A5E94}.Ad-Hoc|iPhone.Build.0 = Release|Any CPU
		{F1789851-EC70-4D92-AE3C-7058130A5E94}.Ad-Hoc|iPhoneSimulator.ActiveCfg = Release|Any CPU
		{F1789851-EC70-4D92-AE3C-7058130A5E94}.Ad-Hoc|iPhoneSimulator.Build.0 = Release|Any CPU
		{F1789851-EC70-4D92-AE3C-7058130A5E94}.Ad-Hoc|x64.ActiveCfg = Release|Any CPU
		{F1789851-EC70-4D92-AE3C-7058130A5E94}.Ad-Hoc|x64.Build.0 = Release|Any CPU
		{F1789851-EC70-4D92-AE3C-7058130A5E94}.Ad-Hoc|x86.ActiveCfg = Release|Any CPU
		{F1789851-EC70-4D92-AE3C-7058130A5E94}.Ad-Hoc|x86.Build.0 = Release|Any CPU
		{F1789851-EC70-4D92-AE3C-7058130A5E94}.AppStore|Any CPU.ActiveCfg = Release|Any CPU
		{F1789851-EC70-4D92-AE3C-7058130A5E94}.AppStore|Any CPU.Build.0 = Release|Any CPU
		{F1789851-EC70-4D92-AE3C-7058130A5E94}.AppStore|ARM.ActiveCfg = Release|Any CPU
		{F1789851-EC70-4D92-AE3C-7058130A5E94}.AppStore|ARM.Build.0 = Release|Any CPU
		{F1789851-EC70-4D92-AE3C-7058130A5E94}.AppStore|iPhone.ActiveCfg = Release|Any CPU
		{F1789851-EC70-4D92-AE3C-7058130A5E94}.AppStore|iPhone.Build.0 = Release|Any CPU
		{F1789851-EC70-4D92-AE3C-7058130A5E94}.AppStore|iPhoneSimulator.ActiveCfg = Release|Any CPU
		{F1789851-EC70-4D92-AE3C-7058130A5E94}.AppStore|iPhoneSimulator.Build.0 = Release|Any CPU
		{F1789851-EC70-4D92-AE3C-7058130A5E94}.AppStore|x64.ActiveCfg = Release|Any CPU
		{F1789851-EC70-4D92-AE3C-7058130A5E94}.AppStore|x64.Build.0 = Release|Any CPU
		{F1789851-EC70-4D92-AE3C-7058130A5E94}.AppStore|x86.ActiveCfg = Release|Any CPU
		{F1789851-EC70-4D92-AE3C-7058130A5E94}.AppStore|x86.Build.0 = Release|Any CPU
		{F1789851-EC70-4D92-AE3C-7058130A5E94}.Debug|Any CPU.ActiveCfg = Debug|Any CPU
		{F1789851-EC70-4D92-AE3C-7058130A5E94}.Debug|Any CPU.Build.0 = Debug|Any CPU
		{F1789851-EC70-4D92-AE3C-7058130A5E94}.Debug|ARM.ActiveCfg = Debug|Any CPU
		{F1789851-EC70-4D92-AE3C-7058130A5E94}.Debug|ARM.Build.0 = Debug|Any CPU
		{F1789851-EC70-4D92-AE3C-7058130A5E94}.Debug|iPhone.ActiveCfg = Debug|Any CPU
		{F1789851-EC70-4D92-AE3C-7058130A5E94}.Debug|iPhone.Build.0 = Debug|Any CPU
		{F1789851-EC70-4D92-AE3C-7058130A5E94}.Debug|iPhoneSimulator.ActiveCfg = Debug|Any CPU
		{F1789851-EC70-4D92-AE3C-7058130A5E94}.Debug|iPhoneSimulator.Build.0 = Debug|Any CPU
		{F1789851-EC70-4D92-AE3C-7058130A5E94}.Debug|x64.ActiveCfg = Debug|Any CPU
		{F1789851-EC70-4D92-AE3C-7058130A5E94}.Debug|x64.Build.0 = Debug|Any CPU
		{F1789851-EC70-4D92-AE3C-7058130A5E94}.Debug|x86.ActiveCfg = Debug|Any CPU
		{F1789851-EC70-4D92-AE3C-7058130A5E94}.Debug|x86.Build.0 = Debug|Any CPU
		{F1789851-EC70-4D92-AE3C-7058130A5E94}.Release|Any CPU.ActiveCfg = Release|Any CPU
		{F1789851-EC70-4D92-AE3C-7058130A5E94}.Release|Any CPU.Build.0 = Release|Any CPU
		{F1789851-EC70-4D92-AE3C-7058130A5E94}.Release|ARM.ActiveCfg = Release|Any CPU
		{F1789851-EC70-4D92-AE3C-7058130A5E94}.Release|ARM.Build.0 = Release|Any CPU
		{F1789851-EC70-4D92-AE3C-7058130A5E94}.Release|iPhone.ActiveCfg = Release|Any CPU
		{F1789851-EC70-4D92-AE3C-7058130A5E94}.Release|iPhone.Build.0 = Release|Any CPU
		{F1789851-EC70-4D92-AE3C-7058130A5E94}.Release|iPhoneSimulator.ActiveCfg = Release|Any CPU
		{F1789851-EC70-4D92-AE3C-7058130A5E94}.Release|iPhoneSimulator.Build.0 = Release|Any CPU
		{F1789851-EC70-4D92-AE3C-7058130A5E94}.Release|x64.ActiveCfg = Release|Any CPU
		{F1789851-EC70-4D92-AE3C-7058130A5E94}.Release|x64.Build.0 = Release|Any CPU
		{F1789851-EC70-4D92-AE3C-7058130A5E94}.Release|x86.ActiveCfg = Release|Any CPU
		{F1789851-EC70-4D92-AE3C-7058130A5E94}.Release|x86.Build.0 = Release|Any CPU
		{0F7BC961-AA38-442A-8CF8-7522679365A4}.Ad-Hoc|Any CPU.ActiveCfg = Release|Any CPU
		{0F7BC961-AA38-442A-8CF8-7522679365A4}.Ad-Hoc|Any CPU.Build.0 = Release|Any CPU
		{0F7BC961-AA38-442A-8CF8-7522679365A4}.Ad-Hoc|Any CPU.Deploy.0 = Release|Any CPU
		{0F7BC961-AA38-442A-8CF8-7522679365A4}.Ad-Hoc|ARM.ActiveCfg = Release|Any CPU
		{0F7BC961-AA38-442A-8CF8-7522679365A4}.Ad-Hoc|ARM.Build.0 = Release|Any CPU
		{0F7BC961-AA38-442A-8CF8-7522679365A4}.Ad-Hoc|ARM.Deploy.0 = Release|Any CPU
		{0F7BC961-AA38-442A-8CF8-7522679365A4}.Ad-Hoc|iPhone.ActiveCfg = Release|Any CPU
		{0F7BC961-AA38-442A-8CF8-7522679365A4}.Ad-Hoc|iPhone.Build.0 = Release|Any CPU
		{0F7BC961-AA38-442A-8CF8-7522679365A4}.Ad-Hoc|iPhone.Deploy.0 = Release|Any CPU
		{0F7BC961-AA38-442A-8CF8-7522679365A4}.Ad-Hoc|iPhoneSimulator.ActiveCfg = Release|Any CPU
		{0F7BC961-AA38-442A-8CF8-7522679365A4}.Ad-Hoc|iPhoneSimulator.Build.0 = Release|Any CPU
		{0F7BC961-AA38-442A-8CF8-7522679365A4}.Ad-Hoc|iPhoneSimulator.Deploy.0 = Release|Any CPU
		{0F7BC961-AA38-442A-8CF8-7522679365A4}.Ad-Hoc|x64.ActiveCfg = Release|Any CPU
		{0F7BC961-AA38-442A-8CF8-7522679365A4}.Ad-Hoc|x64.Build.0 = Release|Any CPU
		{0F7BC961-AA38-442A-8CF8-7522679365A4}.Ad-Hoc|x64.Deploy.0 = Release|Any CPU
		{0F7BC961-AA38-442A-8CF8-7522679365A4}.Ad-Hoc|x86.ActiveCfg = Release|Any CPU
		{0F7BC961-AA38-442A-8CF8-7522679365A4}.Ad-Hoc|x86.Build.0 = Release|Any CPU
		{0F7BC961-AA38-442A-8CF8-7522679365A4}.Ad-Hoc|x86.Deploy.0 = Release|Any CPU
		{0F7BC961-AA38-442A-8CF8-7522679365A4}.AppStore|Any CPU.ActiveCfg = Release|Any CPU
		{0F7BC961-AA38-442A-8CF8-7522679365A4}.AppStore|Any CPU.Build.0 = Release|Any CPU
		{0F7BC961-AA38-442A-8CF8-7522679365A4}.AppStore|Any CPU.Deploy.0 = Release|Any CPU
		{0F7BC961-AA38-442A-8CF8-7522679365A4}.AppStore|ARM.ActiveCfg = Release|Any CPU
		{0F7BC961-AA38-442A-8CF8-7522679365A4}.AppStore|ARM.Build.0 = Release|Any CPU
		{0F7BC961-AA38-442A-8CF8-7522679365A4}.AppStore|ARM.Deploy.0 = Release|Any CPU
		{0F7BC961-AA38-442A-8CF8-7522679365A4}.AppStore|iPhone.ActiveCfg = Release|Any CPU
		{0F7BC961-AA38-442A-8CF8-7522679365A4}.AppStore|iPhone.Build.0 = Release|Any CPU
		{0F7BC961-AA38-442A-8CF8-7522679365A4}.AppStore|iPhone.Deploy.0 = Release|Any CPU
		{0F7BC961-AA38-442A-8CF8-7522679365A4}.AppStore|iPhoneSimulator.ActiveCfg = Release|Any CPU
		{0F7BC961-AA38-442A-8CF8-7522679365A4}.AppStore|iPhoneSimulator.Build.0 = Release|Any CPU
		{0F7BC961-AA38-442A-8CF8-7522679365A4}.AppStore|iPhoneSimulator.Deploy.0 = Release|Any CPU
		{0F7BC961-AA38-442A-8CF8-7522679365A4}.AppStore|x64.ActiveCfg = Release|Any CPU
		{0F7BC961-AA38-442A-8CF8-7522679365A4}.AppStore|x64.Build.0 = Release|Any CPU
		{0F7BC961-AA38-442A-8CF8-7522679365A4}.AppStore|x64.Deploy.0 = Release|Any CPU
		{0F7BC961-AA38-442A-8CF8-7522679365A4}.AppStore|x86.ActiveCfg = Release|Any CPU
		{0F7BC961-AA38-442A-8CF8-7522679365A4}.AppStore|x86.Build.0 = Release|Any CPU
		{0F7BC961-AA38-442A-8CF8-7522679365A4}.AppStore|x86.Deploy.0 = Release|Any CPU
		{0F7BC961-AA38-442A-8CF8-7522679365A4}.Debug|Any CPU.ActiveCfg = Debug|Any CPU
		{0F7BC961-AA38-442A-8CF8-7522679365A4}.Debug|Any CPU.Build.0 = Debug|Any CPU
		{0F7BC961-AA38-442A-8CF8-7522679365A4}.Debug|Any CPU.Deploy.0 = Debug|Any CPU
		{0F7BC961-AA38-442A-8CF8-7522679365A4}.Debug|ARM.ActiveCfg = Debug|Any CPU
		{0F7BC961-AA38-442A-8CF8-7522679365A4}.Debug|ARM.Build.0 = Debug|Any CPU
		{0F7BC961-AA38-442A-8CF8-7522679365A4}.Debug|ARM.Deploy.0 = Debug|Any CPU
		{0F7BC961-AA38-442A-8CF8-7522679365A4}.Debug|iPhone.ActiveCfg = Debug|Any CPU
		{0F7BC961-AA38-442A-8CF8-7522679365A4}.Debug|iPhone.Build.0 = Debug|Any CPU
		{0F7BC961-AA38-442A-8CF8-7522679365A4}.Debug|iPhone.Deploy.0 = Debug|Any CPU
		{0F7BC961-AA38-442A-8CF8-7522679365A4}.Debug|iPhoneSimulator.ActiveCfg = Debug|Any CPU
		{0F7BC961-AA38-442A-8CF8-7522679365A4}.Debug|iPhoneSimulator.Build.0 = Debug|Any CPU
		{0F7BC961-AA38-442A-8CF8-7522679365A4}.Debug|iPhoneSimulator.Deploy.0 = Debug|Any CPU
		{0F7BC961-AA38-442A-8CF8-7522679365A4}.Debug|x64.ActiveCfg = Debug|Any CPU
		{0F7BC961-AA38-442A-8CF8-7522679365A4}.Debug|x64.Build.0 = Debug|Any CPU
		{0F7BC961-AA38-442A-8CF8-7522679365A4}.Debug|x64.Deploy.0 = Debug|Any CPU
		{0F7BC961-AA38-442A-8CF8-7522679365A4}.Debug|x86.ActiveCfg = Debug|Any CPU
		{0F7BC961-AA38-442A-8CF8-7522679365A4}.Debug|x86.Build.0 = Debug|Any CPU
		{0F7BC961-AA38-442A-8CF8-7522679365A4}.Debug|x86.Deploy.0 = Debug|Any CPU
		{0F7BC961-AA38-442A-8CF8-7522679365A4}.Release|Any CPU.ActiveCfg = Release|Any CPU
		{0F7BC961-AA38-442A-8CF8-7522679365A4}.Release|Any CPU.Build.0 = Release|Any CPU
		{0F7BC961-AA38-442A-8CF8-7522679365A4}.Release|Any CPU.Deploy.0 = Release|Any CPU
		{0F7BC961-AA38-442A-8CF8-7522679365A4}.Release|ARM.ActiveCfg = Release|Any CPU
		{0F7BC961-AA38-442A-8CF8-7522679365A4}.Release|ARM.Build.0 = Release|Any CPU
		{0F7BC961-AA38-442A-8CF8-7522679365A4}.Release|ARM.Deploy.0 = Release|Any CPU
		{0F7BC961-AA38-442A-8CF8-7522679365A4}.Release|iPhone.ActiveCfg = Release|Any CPU
		{0F7BC961-AA38-442A-8CF8-7522679365A4}.Release|iPhone.Build.0 = Release|Any CPU
		{0F7BC961-AA38-442A-8CF8-7522679365A4}.Release|iPhone.Deploy.0 = Release|Any CPU
		{0F7BC961-AA38-442A-8CF8-7522679365A4}.Release|iPhoneSimulator.ActiveCfg = Release|Any CPU
		{0F7BC961-AA38-442A-8CF8-7522679365A4}.Release|iPhoneSimulator.Build.0 = Release|Any CPU
		{0F7BC961-AA38-442A-8CF8-7522679365A4}.Release|iPhoneSimulator.Deploy.0 = Release|Any CPU
		{0F7BC961-AA38-442A-8CF8-7522679365A4}.Release|x64.ActiveCfg = Release|Any CPU
		{0F7BC961-AA38-442A-8CF8-7522679365A4}.Release|x64.Build.0 = Release|Any CPU
		{0F7BC961-AA38-442A-8CF8-7522679365A4}.Release|x64.Deploy.0 = Release|Any CPU
		{0F7BC961-AA38-442A-8CF8-7522679365A4}.Release|x86.ActiveCfg = Release|Any CPU
		{0F7BC961-AA38-442A-8CF8-7522679365A4}.Release|x86.Build.0 = Release|Any CPU
		{0F7BC961-AA38-442A-8CF8-7522679365A4}.Release|x86.Deploy.0 = Release|Any CPU
		{22B77D16-F208-4D39-944B-C1F407B85C4F}.Ad-Hoc|Any CPU.ActiveCfg = Ad-Hoc|iPhone
		{22B77D16-F208-4D39-944B-C1F407B85C4F}.Ad-Hoc|ARM.ActiveCfg = Ad-Hoc|iPhone
		{22B77D16-F208-4D39-944B-C1F407B85C4F}.Ad-Hoc|iPhone.ActiveCfg = Ad-Hoc|iPhone
		{22B77D16-F208-4D39-944B-C1F407B85C4F}.Ad-Hoc|iPhone.Build.0 = Ad-Hoc|iPhone
		{22B77D16-F208-4D39-944B-C1F407B85C4F}.Ad-Hoc|iPhoneSimulator.ActiveCfg = Ad-Hoc|iPhoneSimulator
		{22B77D16-F208-4D39-944B-C1F407B85C4F}.Ad-Hoc|iPhoneSimulator.Build.0 = Ad-Hoc|iPhoneSimulator
		{22B77D16-F208-4D39-944B-C1F407B85C4F}.Ad-Hoc|x64.ActiveCfg = Ad-Hoc|iPhone
		{22B77D16-F208-4D39-944B-C1F407B85C4F}.Ad-Hoc|x86.ActiveCfg = Ad-Hoc|iPhone
		{22B77D16-F208-4D39-944B-C1F407B85C4F}.AppStore|Any CPU.ActiveCfg = AppStore|iPhone
		{22B77D16-F208-4D39-944B-C1F407B85C4F}.AppStore|ARM.ActiveCfg = AppStore|iPhone
		{22B77D16-F208-4D39-944B-C1F407B85C4F}.AppStore|iPhone.ActiveCfg = AppStore|iPhone
		{22B77D16-F208-4D39-944B-C1F407B85C4F}.AppStore|iPhone.Build.0 = AppStore|iPhone
		{22B77D16-F208-4D39-944B-C1F407B85C4F}.AppStore|iPhoneSimulator.ActiveCfg = AppStore|iPhoneSimulator
		{22B77D16-F208-4D39-944B-C1F407B85C4F}.AppStore|iPhoneSimulator.Build.0 = AppStore|iPhoneSimulator
		{22B77D16-F208-4D39-944B-C1F407B85C4F}.AppStore|x64.ActiveCfg = AppStore|iPhone
		{22B77D16-F208-4D39-944B-C1F407B85C4F}.AppStore|x86.ActiveCfg = AppStore|iPhone
		{22B77D16-F208-4D39-944B-C1F407B85C4F}.Debug|Any CPU.ActiveCfg = Debug|iPhone
		{22B77D16-F208-4D39-944B-C1F407B85C4F}.Debug|ARM.ActiveCfg = Debug|iPhone
		{22B77D16-F208-4D39-944B-C1F407B85C4F}.Debug|iPhone.ActiveCfg = Debug|iPhone
		{22B77D16-F208-4D39-944B-C1F407B85C4F}.Debug|iPhone.Build.0 = Debug|iPhone
		{22B77D16-F208-4D39-944B-C1F407B85C4F}.Debug|iPhoneSimulator.ActiveCfg = Debug|iPhoneSimulator
		{22B77D16-F208-4D39-944B-C1F407B85C4F}.Debug|iPhoneSimulator.Build.0 = Debug|iPhoneSimulator
		{22B77D16-F208-4D39-944B-C1F407B85C4F}.Debug|x64.ActiveCfg = Debug|iPhone
		{22B77D16-F208-4D39-944B-C1F407B85C4F}.Debug|x86.ActiveCfg = Debug|iPhone
		{22B77D16-F208-4D39-944B-C1F407B85C4F}.Release|Any CPU.ActiveCfg = Release|iPhone
		{22B77D16-F208-4D39-944B-C1F407B85C4F}.Release|ARM.ActiveCfg = Release|iPhone
		{22B77D16-F208-4D39-944B-C1F407B85C4F}.Release|iPhone.ActiveCfg = Release|iPhone
		{22B77D16-F208-4D39-944B-C1F407B85C4F}.Release|iPhone.Build.0 = Release|iPhone
		{22B77D16-F208-4D39-944B-C1F407B85C4F}.Release|iPhoneSimulator.ActiveCfg = Release|iPhoneSimulator
		{22B77D16-F208-4D39-944B-C1F407B85C4F}.Release|iPhoneSimulator.Build.0 = Release|iPhoneSimulator
		{22B77D16-F208-4D39-944B-C1F407B85C4F}.Release|x64.ActiveCfg = Release|iPhone
		{22B77D16-F208-4D39-944B-C1F407B85C4F}.Release|x86.ActiveCfg = Release|iPhone
		{59B82A21-39F8-47D1-8B5E-3F97C159AD42}.Ad-Hoc|Any CPU.ActiveCfg = Release|x86
		{59B82A21-39F8-47D1-8B5E-3F97C159AD42}.Ad-Hoc|Any CPU.Build.0 = Release|x86
		{59B82A21-39F8-47D1-8B5E-3F97C159AD42}.Ad-Hoc|Any CPU.Deploy.0 = Release|x86
		{59B82A21-39F8-47D1-8B5E-3F97C159AD42}.Ad-Hoc|ARM.ActiveCfg = Release|ARM
		{59B82A21-39F8-47D1-8B5E-3F97C159AD42}.Ad-Hoc|ARM.Build.0 = Release|ARM
		{59B82A21-39F8-47D1-8B5E-3F97C159AD42}.Ad-Hoc|ARM.Deploy.0 = Release|ARM
		{59B82A21-39F8-47D1-8B5E-3F97C159AD42}.Ad-Hoc|iPhone.ActiveCfg = Release|x86
		{59B82A21-39F8-47D1-8B5E-3F97C159AD42}.Ad-Hoc|iPhone.Build.0 = Release|x86
		{59B82A21-39F8-47D1-8B5E-3F97C159AD42}.Ad-Hoc|iPhone.Deploy.0 = Release|x86
		{59B82A21-39F8-47D1-8B5E-3F97C159AD42}.Ad-Hoc|iPhoneSimulator.ActiveCfg = Release|x86
		{59B82A21-39F8-47D1-8B5E-3F97C159AD42}.Ad-Hoc|iPhoneSimulator.Build.0 = Release|x86
		{59B82A21-39F8-47D1-8B5E-3F97C159AD42}.Ad-Hoc|iPhoneSimulator.Deploy.0 = Release|x86
		{59B82A21-39F8-47D1-8B5E-3F97C159AD42}.Ad-Hoc|x64.ActiveCfg = Release|x64
		{59B82A21-39F8-47D1-8B5E-3F97C159AD42}.Ad-Hoc|x64.Build.0 = Release|x64
		{59B82A21-39F8-47D1-8B5E-3F97C159AD42}.Ad-Hoc|x64.Deploy.0 = Release|x64
		{59B82A21-39F8-47D1-8B5E-3F97C159AD42}.Ad-Hoc|x86.ActiveCfg = Release|x86
		{59B82A21-39F8-47D1-8B5E-3F97C159AD42}.Ad-Hoc|x86.Build.0 = Release|x86
		{59B82A21-39F8-47D1-8B5E-3F97C159AD42}.Ad-Hoc|x86.Deploy.0 = Release|x86
		{59B82A21-39F8-47D1-8B5E-3F97C159AD42}.AppStore|Any CPU.ActiveCfg = Release|x86
		{59B82A21-39F8-47D1-8B5E-3F97C159AD42}.AppStore|Any CPU.Build.0 = Release|x86
		{59B82A21-39F8-47D1-8B5E-3F97C159AD42}.AppStore|Any CPU.Deploy.0 = Release|x86
		{59B82A21-39F8-47D1-8B5E-3F97C159AD42}.AppStore|ARM.ActiveCfg = Release|ARM
		{59B82A21-39F8-47D1-8B5E-3F97C159AD42}.AppStore|ARM.Build.0 = Release|ARM
		{59B82A21-39F8-47D1-8B5E-3F97C159AD42}.AppStore|ARM.Deploy.0 = Release|ARM
		{59B82A21-39F8-47D1-8B5E-3F97C159AD42}.AppStore|iPhone.ActiveCfg = Release|x86
		{59B82A21-39F8-47D1-8B5E-3F97C159AD42}.AppStore|iPhone.Build.0 = Release|x86
		{59B82A21-39F8-47D1-8B5E-3F97C159AD42}.AppStore|iPhone.Deploy.0 = Release|x86
		{59B82A21-39F8-47D1-8B5E-3F97C159AD42}.AppStore|iPhoneSimulator.ActiveCfg = Release|x86
		{59B82A21-39F8-47D1-8B5E-3F97C159AD42}.AppStore|iPhoneSimulator.Build.0 = Release|x86
		{59B82A21-39F8-47D1-8B5E-3F97C159AD42}.AppStore|iPhoneSimulator.Deploy.0 = Release|x86
		{59B82A21-39F8-47D1-8B5E-3F97C159AD42}.AppStore|x64.ActiveCfg = Release|x64
		{59B82A21-39F8-47D1-8B5E-3F97C159AD42}.AppStore|x64.Build.0 = Release|x64
		{59B82A21-39F8-47D1-8B5E-3F97C159AD42}.AppStore|x64.Deploy.0 = Release|x64
		{59B82A21-39F8-47D1-8B5E-3F97C159AD42}.AppStore|x86.ActiveCfg = Release|x86
		{59B82A21-39F8-47D1-8B5E-3F97C159AD42}.AppStore|x86.Build.0 = Release|x86
		{59B82A21-39F8-47D1-8B5E-3F97C159AD42}.AppStore|x86.Deploy.0 = Release|x86
		{59B82A21-39F8-47D1-8B5E-3F97C159AD42}.Debug|Any CPU.ActiveCfg = Debug|x86
		{59B82A21-39F8-47D1-8B5E-3F97C159AD42}.Debug|ARM.ActiveCfg = Debug|ARM
		{59B82A21-39F8-47D1-8B5E-3F97C159AD42}.Debug|ARM.Build.0 = Debug|ARM
		{59B82A21-39F8-47D1-8B5E-3F97C159AD42}.Debug|ARM.Deploy.0 = Debug|ARM
		{59B82A21-39F8-47D1-8B5E-3F97C159AD42}.Debug|iPhone.ActiveCfg = Debug|x86
		{59B82A21-39F8-47D1-8B5E-3F97C159AD42}.Debug|iPhoneSimulator.ActiveCfg = Debug|x86
		{59B82A21-39F8-47D1-8B5E-3F97C159AD42}.Debug|x64.ActiveCfg = Debug|x64
		{59B82A21-39F8-47D1-8B5E-3F97C159AD42}.Debug|x64.Build.0 = Debug|x64
		{59B82A21-39F8-47D1-8B5E-3F97C159AD42}.Debug|x64.Deploy.0 = Debug|x64
		{59B82A21-39F8-47D1-8B5E-3F97C159AD42}.Debug|x86.ActiveCfg = Debug|x86
		{59B82A21-39F8-47D1-8B5E-3F97C159AD42}.Debug|x86.Build.0 = Debug|x86
		{59B82A21-39F8-47D1-8B5E-3F97C159AD42}.Debug|x86.Deploy.0 = Debug|x86
		{59B82A21-39F8-47D1-8B5E-3F97C159AD42}.Release|Any CPU.ActiveCfg = Release|x86
		{59B82A21-39F8-47D1-8B5E-3F97C159AD42}.Release|ARM.ActiveCfg = Release|ARM
		{59B82A21-39F8-47D1-8B5E-3F97C159AD42}.Release|ARM.Build.0 = Release|ARM
		{59B82A21-39F8-47D1-8B5E-3F97C159AD42}.Release|ARM.Deploy.0 = Release|ARM
		{59B82A21-39F8-47D1-8B5E-3F97C159AD42}.Release|iPhone.ActiveCfg = Release|x86
		{59B82A21-39F8-47D1-8B5E-3F97C159AD42}.Release|iPhoneSimulator.ActiveCfg = Release|x86
		{59B82A21-39F8-47D1-8B5E-3F97C159AD42}.Release|x64.ActiveCfg = Release|x64
		{59B82A21-39F8-47D1-8B5E-3F97C159AD42}.Release|x64.Build.0 = Release|x64
		{59B82A21-39F8-47D1-8B5E-3F97C159AD42}.Release|x64.Deploy.0 = Release|x64
		{59B82A21-39F8-47D1-8B5E-3F97C159AD42}.Release|x86.ActiveCfg = Release|x86
		{59B82A21-39F8-47D1-8B5E-3F97C159AD42}.Release|x86.Build.0 = Release|x86
		{59B82A21-39F8-47D1-8B5E-3F97C159AD42}.Release|x86.Deploy.0 = Release|x86
	EndGlobalSection
	GlobalSection(SolutionProperties) = preSolution
		HideSolutionNode = FALSE
	EndGlobalSection
	GlobalSection(ExtensibilityGlobals) = postSolution
		SolutionGuid = {EB2F9787-6F2B-4A72-875F-E73427F3A3FB}
	EndGlobalSection
EndGlobal
